// !$*UTF8*$!
{
	archiveVersion = 1;
	classes = {
	};
	objectVersion = 46;
	objects = {

/* Begin PBXBuildFile section */
		00528898842F8F74A4C61257 /* Pods_MomentoLove.framework in Frameworks */ = {isa = PBXBuildFile; fileRef = EE35D6E5121BBA59DBC49220 /* Pods_MomentoLove.framework */; };
		DD1F8DF41E8AFA17007BB654 /* DataService.swift in Sources */ = {isa = PBXBuildFile; fileRef = DD1F8DF31E8AFA17007BB654 /* DataService.swift */; };
		DD1F8DF71E8B0192007BB654 /* UserService.swift in Sources */ = {isa = PBXBuildFile; fileRef = DD1F8DF61E8B0192007BB654 /* UserService.swift */; };
		DD2972381E8ED55C00A47372 /* LoginViewController.swift in Sources */ = {isa = PBXBuildFile; fileRef = DD2972371E8ED55C00A47372 /* LoginViewController.swift */; };
		DD29724A1E8EDF7400A47372 /* DatepickerView.swift in Sources */ = {isa = PBXBuildFile; fileRef = DD2972491E8EDF7400A47372 /* DatepickerView.swift */; };
		DD29724C1E8EE01100A47372 /* DatepickerView.xib in Resources */ = {isa = PBXBuildFile; fileRef = DD29724B1E8EE01100A47372 /* DatepickerView.xib */; };
		DD2972581E8F15B000A47372 /* IMG_0172.PNG in Resources */ = {isa = PBXBuildFile; fileRef = DD2972511E8F15B000A47372 /* IMG_0172.PNG */; };
		DD2972591E8F15B000A47372 /* IMG_0173.PNG in Resources */ = {isa = PBXBuildFile; fileRef = DD2972521E8F15B000A47372 /* IMG_0173.PNG */; };
		DD29725A1E8F15B000A47372 /* IMG_0174.PNG in Resources */ = {isa = PBXBuildFile; fileRef = DD2972531E8F15B000A47372 /* IMG_0174.PNG */; };
		DD29725B1E8F15B000A47372 /* IMG_0175.PNG in Resources */ = {isa = PBXBuildFile; fileRef = DD2972541E8F15B000A47372 /* IMG_0175.PNG */; };
		DD29725C1E8F15B000A47372 /* IMG_0176.PNG in Resources */ = {isa = PBXBuildFile; fileRef = DD2972551E8F15B000A47372 /* IMG_0176.PNG */; };
		DD29725D1E8F15B000A47372 /* IMG_0177.PNG in Resources */ = {isa = PBXBuildFile; fileRef = DD2972561E8F15B000A47372 /* IMG_0177.PNG */; };
		DD7ECA411E89A745004B9262 /* SexController.swift in Sources */ = {isa = PBXBuildFile; fileRef = DD7ECA401E89A745004B9262 /* SexController.swift */; };
		DD7ECA451E89A941004B9262 /* PurposeController.swift in Sources */ = {isa = PBXBuildFile; fileRef = DD7ECA441E89A941004B9262 /* PurposeController.swift */; };
		DD7ECA471E8A3A94004B9262 /* NewAccountController.swift in Sources */ = {isa = PBXBuildFile; fileRef = DD7ECA461E8A3A94004B9262 /* NewAccountController.swift */; };
		DDCEABDF1E8C48E0004EA986 /* Login.storyboard in Resources */ = {isa = PBXBuildFile; fileRef = DDCEABDE1E8C48E0004EA986 /* Login.storyboard */; };
		DDDCCA421E88310800B924B7 /* AppDelegate.swift in Sources */ = {isa = PBXBuildFile; fileRef = DDDCCA411E88310800B924B7 /* AppDelegate.swift */; };
		DDDCCA441E88310800B924B7 /* ViewController.swift in Sources */ = {isa = PBXBuildFile; fileRef = DDDCCA431E88310800B924B7 /* ViewController.swift */; };
		DDDCCA471E88310800B924B7 /* Main.storyboard in Resources */ = {isa = PBXBuildFile; fileRef = DDDCCA451E88310800B924B7 /* Main.storyboard */; };
		DDDCCA491E88310800B924B7 /* Assets.xcassets in Resources */ = {isa = PBXBuildFile; fileRef = DDDCCA481E88310800B924B7 /* Assets.xcassets */; };
		DDDCCA4C1E88310800B924B7 /* LaunchScreen.storyboard in Resources */ = {isa = PBXBuildFile; fileRef = DDDCCA4A1E88310800B924B7 /* LaunchScreen.storyboard */; };
		DDDCCA541E88314600B924B7 /* GoogleService-Info.plist in Resources */ = {isa = PBXBuildFile; fileRef = DDDCCA531E88314600B924B7 /* GoogleService-Info.plist */; };
		DDDCCA5A1E884F2A00B924B7 /* HomeController.swift in Sources */ = {isa = PBXBuildFile; fileRef = DDDCCA591E884F2A00B924B7 /* HomeController.swift */; };
		DDDCCA5F1E8865B300B924B7 /* Shared.swift in Sources */ = {isa = PBXBuildFile; fileRef = DDDCCA5E1E8865B300B924B7 /* Shared.swift */; };
		DDDCCA611E8865DA00B924B7 /* User.swift in Sources */ = {isa = PBXBuildFile; fileRef = DDDCCA601E8865DA00B924B7 /* User.swift */; };
		DDFF594B1E902291007C0612 /* CALayerExt.swift in Sources */ = {isa = PBXBuildFile; fileRef = DDFF59491E902291007C0612 /* CALayerExt.swift */; };
		DDFF594C1E902291007C0612 /* UIButtonExt.swift in Sources */ = {isa = PBXBuildFile; fileRef = DDFF594A1E902291007C0612 /* UIButtonExt.swift */; };
		DDFF594E1E902EED007C0612 /* UIViewControllerExt.swift in Sources */ = {isa = PBXBuildFile; fileRef = DDFF594D1E902EED007C0612 /* UIViewControllerExt.swift */; };
		DDFF59501E9047E9007C0612 /* DateExt.swift in Sources */ = {isa = PBXBuildFile; fileRef = DDFF594F1E9047E9007C0612 /* DateExt.swift */; };
		DDFF59521E904E0C007C0612 /* StringExt.swift in Sources */ = {isa = PBXBuildFile; fileRef = DDFF59511E904E0C007C0612 /* StringExt.swift */; };
		DDFF59541E9115A6007C0612 /* SignInViewController.swift in Sources */ = {isa = PBXBuildFile; fileRef = DDFF59531E9115A6007C0612 /* SignInViewController.swift */; };
		DDFF59561E916857007C0612 /* ForgotPasswordViewController.swift in Sources */ = {isa = PBXBuildFile; fileRef = DDFF59551E916857007C0612 /* ForgotPasswordViewController.swift */; };
/* End PBXBuildFile section */

/* Begin PBXFileReference section */
		A75C155BF51DC8906C65C5F7 /* Pods-MomentoLove.debug.xcconfig */ = {isa = PBXFileReference; includeInIndex = 1; lastKnownFileType = text.xcconfig; name = "Pods-MomentoLove.debug.xcconfig"; path = "Pods/Target Support Files/Pods-MomentoLove/Pods-MomentoLove.debug.xcconfig"; sourceTree = "<group>"; };
		B05224A71F0B1088D917DFD0 /* Pods-MomentoLove.release.xcconfig */ = {isa = PBXFileReference; includeInIndex = 1; lastKnownFileType = text.xcconfig; name = "Pods-MomentoLove.release.xcconfig"; path = "Pods/Target Support Files/Pods-MomentoLove/Pods-MomentoLove.release.xcconfig"; sourceTree = "<group>"; };
		DD1F8DF31E8AFA17007BB654 /* DataService.swift */ = {isa = PBXFileReference; fileEncoding = 4; lastKnownFileType = sourcecode.swift; path = DataService.swift; sourceTree = "<group>"; };
		DD1F8DF61E8B0192007BB654 /* UserService.swift */ = {isa = PBXFileReference; fileEncoding = 4; lastKnownFileType = sourcecode.swift; path = UserService.swift; sourceTree = "<group>"; };
		DD2972371E8ED55C00A47372 /* LoginViewController.swift */ = {isa = PBXFileReference; fileEncoding = 4; lastKnownFileType = sourcecode.swift; path = LoginViewController.swift; sourceTree = "<group>"; };
		DD2972491E8EDF7400A47372 /* DatepickerView.swift */ = {isa = PBXFileReference; fileEncoding = 4; lastKnownFileType = sourcecode.swift; path = DatepickerView.swift; sourceTree = "<group>"; };
		DD29724B1E8EE01100A47372 /* DatepickerView.xib */ = {isa = PBXFileReference; fileEncoding = 4; lastKnownFileType = file.xib; path = DatepickerView.xib; sourceTree = "<group>"; };
		DD2972511E8F15B000A47372 /* IMG_0172.PNG */ = {isa = PBXFileReference; lastKnownFileType = image.png; path = IMG_0172.PNG; sourceTree = "<group>"; };
		DD2972521E8F15B000A47372 /* IMG_0173.PNG */ = {isa = PBXFileReference; lastKnownFileType = image.png; path = IMG_0173.PNG; sourceTree = "<group>"; };
		DD2972531E8F15B000A47372 /* IMG_0174.PNG */ = {isa = PBXFileReference; lastKnownFileType = image.png; path = IMG_0174.PNG; sourceTree = "<group>"; };
		DD2972541E8F15B000A47372 /* IMG_0175.PNG */ = {isa = PBXFileReference; lastKnownFileType = image.png; path = IMG_0175.PNG; sourceTree = "<group>"; };
		DD2972551E8F15B000A47372 /* IMG_0176.PNG */ = {isa = PBXFileReference; lastKnownFileType = image.png; path = IMG_0176.PNG; sourceTree = "<group>"; };
		DD2972561E8F15B000A47372 /* IMG_0177.PNG */ = {isa = PBXFileReference; lastKnownFileType = image.png; path = IMG_0177.PNG; sourceTree = "<group>"; };
		DD7ECA401E89A745004B9262 /* SexController.swift */ = {isa = PBXFileReference; fileEncoding = 4; lastKnownFileType = sourcecode.swift; path = SexController.swift; sourceTree = "<group>"; };
		DD7ECA441E89A941004B9262 /* PurposeController.swift */ = {isa = PBXFileReference; fileEncoding = 4; lastKnownFileType = sourcecode.swift; path = PurposeController.swift; sourceTree = "<group>"; };
		DD7ECA461E8A3A94004B9262 /* NewAccountController.swift */ = {isa = PBXFileReference; fileEncoding = 4; lastKnownFileType = sourcecode.swift; path = NewAccountController.swift; sourceTree = "<group>"; };
		DDCEABDE1E8C48E0004EA986 /* Login.storyboard */ = {isa = PBXFileReference; fileEncoding = 4; lastKnownFileType = file.storyboard; path = Login.storyboard; sourceTree = "<group>"; };
		DDDCCA3E1E88310800B924B7 /* MomentoLove.app */ = {isa = PBXFileReference; explicitFileType = wrapper.application; includeInIndex = 0; path = MomentoLove.app; sourceTree = BUILT_PRODUCTS_DIR; };
		DDDCCA411E88310800B924B7 /* AppDelegate.swift */ = {isa = PBXFileReference; lastKnownFileType = sourcecode.swift; path = AppDelegate.swift; sourceTree = "<group>"; };
		DDDCCA431E88310800B924B7 /* ViewController.swift */ = {isa = PBXFileReference; lastKnownFileType = sourcecode.swift; path = ViewController.swift; sourceTree = "<group>"; };
		DDDCCA461E88310800B924B7 /* Base */ = {isa = PBXFileReference; lastKnownFileType = file.storyboard; name = Base; path = Base.lproj/Main.storyboard; sourceTree = "<group>"; };
		DDDCCA481E88310800B924B7 /* Assets.xcassets */ = {isa = PBXFileReference; lastKnownFileType = folder.assetcatalog; path = Assets.xcassets; sourceTree = "<group>"; };
		DDDCCA4B1E88310800B924B7 /* Base */ = {isa = PBXFileReference; lastKnownFileType = file.storyboard; name = Base; path = Base.lproj/LaunchScreen.storyboard; sourceTree = "<group>"; };
		DDDCCA4D1E88310800B924B7 /* Info.plist */ = {isa = PBXFileReference; lastKnownFileType = text.plist.xml; path = Info.plist; sourceTree = "<group>"; };
		DDDCCA531E88314600B924B7 /* GoogleService-Info.plist */ = {isa = PBXFileReference; fileEncoding = 4; lastKnownFileType = text.plist.xml; path = "GoogleService-Info.plist"; sourceTree = "<group>"; };
		DDDCCA591E884F2A00B924B7 /* HomeController.swift */ = {isa = PBXFileReference; fileEncoding = 4; lastKnownFileType = sourcecode.swift; path = HomeController.swift; sourceTree = "<group>"; };
		DDDCCA5E1E8865B300B924B7 /* Shared.swift */ = {isa = PBXFileReference; fileEncoding = 4; lastKnownFileType = sourcecode.swift; path = Shared.swift; sourceTree = "<group>"; };
		DDDCCA601E8865DA00B924B7 /* User.swift */ = {isa = PBXFileReference; fileEncoding = 4; lastKnownFileType = sourcecode.swift; path = User.swift; sourceTree = "<group>"; };
		DDFF59491E902291007C0612 /* CALayerExt.swift */ = {isa = PBXFileReference; fileEncoding = 4; lastKnownFileType = sourcecode.swift; path = CALayerExt.swift; sourceTree = "<group>"; };
		DDFF594A1E902291007C0612 /* UIButtonExt.swift */ = {isa = PBXFileReference; fileEncoding = 4; lastKnownFileType = sourcecode.swift; path = UIButtonExt.swift; sourceTree = "<group>"; };
		DDFF594D1E902EED007C0612 /* UIViewControllerExt.swift */ = {isa = PBXFileReference; fileEncoding = 4; lastKnownFileType = sourcecode.swift; path = UIViewControllerExt.swift; sourceTree = "<group>"; };
		DDFF594F1E9047E9007C0612 /* DateExt.swift */ = {isa = PBXFileReference; fileEncoding = 4; lastKnownFileType = sourcecode.swift; path = DateExt.swift; sourceTree = "<group>"; };
		DDFF59511E904E0C007C0612 /* StringExt.swift */ = {isa = PBXFileReference; fileEncoding = 4; lastKnownFileType = sourcecode.swift; path = StringExt.swift; sourceTree = "<group>"; };
		DDFF59531E9115A6007C0612 /* SignInViewController.swift */ = {isa = PBXFileReference; fileEncoding = 4; lastKnownFileType = sourcecode.swift; path = SignInViewController.swift; sourceTree = "<group>"; };
		DDFF59551E916857007C0612 /* ForgotPasswordViewController.swift */ = {isa = PBXFileReference; fileEncoding = 4; lastKnownFileType = sourcecode.swift; path = ForgotPasswordViewController.swift; sourceTree = "<group>"; };
		EE35D6E5121BBA59DBC49220 /* Pods_MomentoLove.framework */ = {isa = PBXFileReference; explicitFileType = wrapper.framework; includeInIndex = 0; path = Pods_MomentoLove.framework; sourceTree = BUILT_PRODUCTS_DIR; };
/* End PBXFileReference section */

/* Begin PBXFrameworksBuildPhase section */
		DDDCCA3B1E88310800B924B7 /* Frameworks */ = {
			isa = PBXFrameworksBuildPhase;
			buildActionMask = 2147483647;
			files = (
				00528898842F8F74A4C61257 /* Pods_MomentoLove.framework in Frameworks */,
			);
			runOnlyForDeploymentPostprocessing = 0;
		};
/* End PBXFrameworksBuildPhase section */

/* Begin PBXGroup section */
		55D54F2208E3F4B7386997AD /* Pods */ = {
			isa = PBXGroup;
			children = (
				A75C155BF51DC8906C65C5F7 /* Pods-MomentoLove.debug.xcconfig */,
				B05224A71F0B1088D917DFD0 /* Pods-MomentoLove.release.xcconfig */,
			);
			name = Pods;
			sourceTree = "<group>";
		};
		9EA804F233BE83DF4B165818 /* Frameworks */ = {
			isa = PBXGroup;
			children = (
				EE35D6E5121BBA59DBC49220 /* Pods_MomentoLove.framework */,
			);
			name = Frameworks;
			sourceTree = "<group>";
		};
		DD1F8DF21E8AFA00007BB654 /* Services */ = {
			isa = PBXGroup;
			children = (
				DD1F8DF51E8B0173007BB654 /* UserService */,
				DD1F8DF31E8AFA17007BB654 /* DataService.swift */,
			);
			name = Services;
			sourceTree = "<group>";
		};
		DD1F8DF51E8B0173007BB654 /* UserService */ = {
			isa = PBXGroup;
			children = (
				DD1F8DF61E8B0192007BB654 /* UserService.swift */,
			);
			name = UserService;
			sourceTree = "<group>";
		};
		DD2972391E8EDC3A00A47372 /* Shared */ = {
			isa = PBXGroup;
			children = (
				DD29723E1E8EDCD800A47372 /* Datepicker */,
			);
			name = Shared;
			sourceTree = "<group>";
		};
		DD29723E1E8EDCD800A47372 /* Datepicker */ = {
			isa = PBXGroup;
			children = (
				DD2972491E8EDF7400A47372 /* DatepickerView.swift */,
				DD29724B1E8EE01100A47372 /* DatepickerView.xib */,
			);
			name = Datepicker;
			sourceTree = "<group>";
		};
		DD29724D1E8F154300A47372 /* Screenshots */ = {
			isa = PBXGroup;
			children = (
				DD2972511E8F15B000A47372 /* IMG_0172.PNG */,
				DD2972521E8F15B000A47372 /* IMG_0173.PNG */,
				DD2972531E8F15B000A47372 /* IMG_0174.PNG */,
				DD2972541E8F15B000A47372 /* IMG_0175.PNG */,
				DD2972551E8F15B000A47372 /* IMG_0176.PNG */,
				DD2972561E8F15B000A47372 /* IMG_0177.PNG */,
			);
			name = Screenshots;
			sourceTree = "<group>";
		};
		DDCEABD91E8C4700004EA986 /* Views */ = {
			isa = PBXGroup;
			children = (
				DDFF59481E90223B007C0612 /* Common */,
				DDCEABDA1E8C470D004EA986 /* Login */,
			);
			name = Views;
			sourceTree = "<group>";
		};
		DDCEABDA1E8C470D004EA986 /* Login */ = {
			isa = PBXGroup;
			children = (
				DD7ECA441E89A941004B9262 /* PurposeController.swift */,
				DD7ECA401E89A745004B9262 /* SexController.swift */,
				DDCEABDE1E8C48E0004EA986 /* Login.storyboard */,
				DD2972371E8ED55C00A47372 /* LoginViewController.swift */,
				DDFF59531E9115A6007C0612 /* SignInViewController.swift */,
				DDFF59551E916857007C0612 /* ForgotPasswordViewController.swift */,
			);
			name = Login;
			sourceTree = "<group>";
		};
		DDDCCA351E88310800B924B7 = {
			isa = PBXGroup;
			children = (
				DDDCCA401E88310800B924B7 /* MomentoLove */,
				DDDCCA3F1E88310800B924B7 /* Products */,
				55D54F2208E3F4B7386997AD /* Pods */,
				9EA804F233BE83DF4B165818 /* Frameworks */,
			);
			sourceTree = "<group>";
		};
		DDDCCA3F1E88310800B924B7 /* Products */ = {
			isa = PBXGroup;
			children = (
				DDDCCA3E1E88310800B924B7 /* MomentoLove.app */,
			);
			name = Products;
			sourceTree = "<group>";
		};
		DDDCCA401E88310800B924B7 /* MomentoLove */ = {
			isa = PBXGroup;
			children = (
				DD29724D1E8F154300A47372 /* Screenshots */,
				DD2972391E8EDC3A00A47372 /* Shared */,
				DDCEABD91E8C4700004EA986 /* Views */,
				DD1F8DF21E8AFA00007BB654 /* Services */,
				DDDCCA5D1E88658300B924B7 /* Data */,
				DDDCCA581E8848B400B924B7 /* Controllers */,
				DDDCCA411E88310800B924B7 /* AppDelegate.swift */,
				DDDCCA431E88310800B924B7 /* ViewController.swift */,
				DDDCCA451E88310800B924B7 /* Main.storyboard */,
				DDDCCA481E88310800B924B7 /* Assets.xcassets */,
				DDDCCA4A1E88310800B924B7 /* LaunchScreen.storyboard */,
				DDDCCA4D1E88310800B924B7 /* Info.plist */,
				DDDCCA531E88314600B924B7 /* GoogleService-Info.plist */,
			);
			path = MomentoLove;
			sourceTree = "<group>";
		};
		DDDCCA581E8848B400B924B7 /* Controllers */ = {
			isa = PBXGroup;
			children = (
				DDDCCA591E884F2A00B924B7 /* HomeController.swift */,
				DD7ECA461E8A3A94004B9262 /* NewAccountController.swift */,
			);
			name = Controllers;
			path = MomentoLove;
			sourceTree = SOURCE_ROOT;
		};
		DDDCCA5D1E88658300B924B7 /* Data */ = {
			isa = PBXGroup;
			children = (
				DDDCCA5E1E8865B300B924B7 /* Shared.swift */,
				DDDCCA601E8865DA00B924B7 /* User.swift */,
			);
			name = Data;
			sourceTree = "<group>";
		};
		DDFF59481E90223B007C0612 /* Common */ = {
			isa = PBXGroup;
			children = (
				DDFF59491E902291007C0612 /* CALayerExt.swift */,
				DDFF594A1E902291007C0612 /* UIButtonExt.swift */,
				DDFF594D1E902EED007C0612 /* UIViewControllerExt.swift */,
				DDFF594F1E9047E9007C0612 /* DateExt.swift */,
				DDFF59511E904E0C007C0612 /* StringExt.swift */,
			);
			name = Common;
			sourceTree = "<group>";
		};
/* End PBXGroup section */

/* Begin PBXNativeTarget section */
		DDDCCA3D1E88310800B924B7 /* MomentoLove */ = {
			isa = PBXNativeTarget;
			buildConfigurationList = DDDCCA501E88310800B924B7 /* Build configuration list for PBXNativeTarget "MomentoLove" */;
			buildPhases = (
				140CB2445D6964466627B590 /* [CP] Check Pods Manifest.lock */,
				DDDCCA3A1E88310800B924B7 /* Sources */,
				DDDCCA3B1E88310800B924B7 /* Frameworks */,
				DDDCCA3C1E88310800B924B7 /* Resources */,
				9DBDFFA74B710B500D681497 /* [CP] Embed Pods Frameworks */,
				2075B42B99B33658DB85720B /* [CP] Copy Pods Resources */,
			);
			buildRules = (
			);
			dependencies = (
			);
			name = MomentoLove;
			productName = MomentoLove;
			productReference = DDDCCA3E1E88310800B924B7 /* MomentoLove.app */;
			productType = "com.apple.product-type.application";
		};
/* End PBXNativeTarget section */

/* Begin PBXProject section */
		DDDCCA361E88310800B924B7 /* Project object */ = {
			isa = PBXProject;
			attributes = {
				LastSwiftUpdateCheck = 0820;
				LastUpgradeCheck = 0820;
				ORGANIZATIONNAME = "Andrew Obukhov";
				TargetAttributes = {
					DDDCCA3D1E88310800B924B7 = {
						CreatedOnToolsVersion = 8.2.1;
						DevelopmentTeam = CF746N9DZV;
						ProvisioningStyle = Automatic;
					};
				};
			};
			buildConfigurationList = DDDCCA391E88310800B924B7 /* Build configuration list for PBXProject "MomentoLove" */;
			compatibilityVersion = "Xcode 3.2";
			developmentRegion = English;
			hasScannedForEncodings = 0;
			knownRegions = (
				en,
				Base,
			);
			mainGroup = DDDCCA351E88310800B924B7;
			productRefGroup = DDDCCA3F1E88310800B924B7 /* Products */;
			projectDirPath = "";
			projectRoot = "";
			targets = (
				DDDCCA3D1E88310800B924B7 /* MomentoLove */,
			);
		};
/* End PBXProject section */

/* Begin PBXResourcesBuildPhase section */
		DDDCCA3C1E88310800B924B7 /* Resources */ = {
			isa = PBXResourcesBuildPhase;
			buildActionMask = 2147483647;
			files = (
				DDDCCA4C1E88310800B924B7 /* LaunchScreen.storyboard in Resources */,
				DD29725C1E8F15B000A47372 /* IMG_0176.PNG in Resources */,
				DD2972591E8F15B000A47372 /* IMG_0173.PNG in Resources */,
				DDCEABDF1E8C48E0004EA986 /* Login.storyboard in Resources */,
				DD29725B1E8F15B000A47372 /* IMG_0175.PNG in Resources */,
				DD29725D1E8F15B000A47372 /* IMG_0177.PNG in Resources */,
				DD29725A1E8F15B000A47372 /* IMG_0174.PNG in Resources */,
				DDDCCA541E88314600B924B7 /* GoogleService-Info.plist in Resources */,
				DD29724C1E8EE01100A47372 /* DatepickerView.xib in Resources */,
				DD2972581E8F15B000A47372 /* IMG_0172.PNG in Resources */,
				DDDCCA491E88310800B924B7 /* Assets.xcassets in Resources */,
				DDDCCA471E88310800B924B7 /* Main.storyboard in Resources */,
			);
			runOnlyForDeploymentPostprocessing = 0;
		};
/* End PBXResourcesBuildPhase section */

/* Begin PBXShellScriptBuildPhase section */
		140CB2445D6964466627B590 /* [CP] Check Pods Manifest.lock */ = {
			isa = PBXShellScriptBuildPhase;
			buildActionMask = 2147483647;
			files = (
			);
			inputPaths = (
			);
			name = "[CP] Check Pods Manifest.lock";
			outputPaths = (
			);
			runOnlyForDeploymentPostprocessing = 0;
			shellPath = /bin/sh;
			shellScript = "diff \"${PODS_ROOT}/../Podfile.lock\" \"${PODS_ROOT}/Manifest.lock\" > /dev/null\nif [ $? != 0 ] ; then\n    # print error to STDERR\n    echo \"error: The sandbox is not in sync with the Podfile.lock. Run 'pod install' or update your CocoaPods installation.\" >&2\n    exit 1\nfi\n";
			showEnvVarsInLog = 0;
		};
		2075B42B99B33658DB85720B /* [CP] Copy Pods Resources */ = {
			isa = PBXShellScriptBuildPhase;
			buildActionMask = 2147483647;
			files = (
			);
			inputPaths = (
			);
			name = "[CP] Copy Pods Resources";
			outputPaths = (
			);
			runOnlyForDeploymentPostprocessing = 0;
			shellPath = /bin/sh;
			shellScript = "\"${SRCROOT}/Pods/Target Support Files/Pods-MomentoLove/Pods-MomentoLove-resources.sh\"\n";
			showEnvVarsInLog = 0;
		};
		9DBDFFA74B710B500D681497 /* [CP] Embed Pods Frameworks */ = {
			isa = PBXShellScriptBuildPhase;
			buildActionMask = 2147483647;
			files = (
			);
			inputPaths = (
			);
			name = "[CP] Embed Pods Frameworks";
			outputPaths = (
			);
			runOnlyForDeploymentPostprocessing = 0;
			shellPath = /bin/sh;
			shellScript = "\"${SRCROOT}/Pods/Target Support Files/Pods-MomentoLove/Pods-MomentoLove-frameworks.sh\"\n";
			showEnvVarsInLog = 0;
		};
/* End PBXShellScriptBuildPhase section */

/* Begin PBXSourcesBuildPhase section */
		DDDCCA3A1E88310800B924B7 /* Sources */ = {
			isa = PBXSourcesBuildPhase;
			buildActionMask = 2147483647;
			files = (
				DD1F8DF41E8AFA17007BB654 /* DataService.swift in Sources */,
				DD7ECA471E8A3A94004B9262 /* NewAccountController.swift in Sources */,
				DD7ECA411E89A745004B9262 /* SexController.swift in Sources */,
				DDDCCA441E88310800B924B7 /* ViewController.swift in Sources */,
				DDDCCA421E88310800B924B7 /* AppDelegate.swift in Sources */,
				DDFF594E1E902EED007C0612 /* UIViewControllerExt.swift in Sources */,
				DDFF594C1E902291007C0612 /* UIButtonExt.swift in Sources */,
				DDFF59561E916857007C0612 /* ForgotPasswordViewController.swift in Sources */,
				DDFF59501E9047E9007C0612 /* DateExt.swift in Sources */,
				DDFF594B1E902291007C0612 /* CALayerExt.swift in Sources */,
				DD7ECA451E89A941004B9262 /* PurposeController.swift in Sources */,
				DDFF59521E904E0C007C0612 /* StringExt.swift in Sources */,
				DD1F8DF71E8B0192007BB654 /* UserService.swift in Sources */,
				DDDCCA5F1E8865B300B924B7 /* Shared.swift in Sources */,
				DDDCCA611E8865DA00B924B7 /* User.swift in Sources */,
				DDFF59541E9115A6007C0612 /* SignInViewController.swift in Sources */,
				DDDCCA5A1E884F2A00B924B7 /* HomeController.swift in Sources */,
				DD29724A1E8EDF7400A47372 /* DatepickerView.swift in Sources */,
				DD2972381E8ED55C00A47372 /* LoginViewController.swift in Sources */,
			);
			runOnlyForDeploymentPostprocessing = 0;
		};
/* End PBXSourcesBuildPhase section */

/* Begin PBXVariantGroup section */
		DDDCCA451E88310800B924B7 /* Main.storyboard */ = {
			isa = PBXVariantGroup;
			children = (
				DDDCCA461E88310800B924B7 /* Base */,
			);
			name = Main.storyboard;
			sourceTree = "<group>";
		};
		DDDCCA4A1E88310800B924B7 /* LaunchScreen.storyboard */ = {
			isa = PBXVariantGroup;
			children = (
				DDDCCA4B1E88310800B924B7 /* Base */,
			);
			name = LaunchScreen.storyboard;
			sourceTree = "<group>";
		};
/* End PBXVariantGroup section */

/* Begin XCBuildConfiguration section */
		DDDCCA4E1E88310800B924B7 /* Debug */ = {
			isa = XCBuildConfiguration;
			buildSettings = {
				ALWAYS_SEARCH_USER_PATHS = NO;
				CLANG_ANALYZER_NONNULL = YES;
				CLANG_CXX_LANGUAGE_STANDARD = "gnu++0x";
				CLANG_CXX_LIBRARY = "libc++";
				CLANG_ENABLE_MODULES = YES;
				CLANG_ENABLE_OBJC_ARC = YES;
				CLANG_WARN_BOOL_CONVERSION = YES;
				CLANG_WARN_CONSTANT_CONVERSION = YES;
				CLANG_WARN_DIRECT_OBJC_ISA_USAGE = YES_ERROR;
				CLANG_WARN_DOCUMENTATION_COMMENTS = YES;
				CLANG_WARN_EMPTY_BODY = YES;
				CLANG_WARN_ENUM_CONVERSION = YES;
				CLANG_WARN_INFINITE_RECURSION = YES;
				CLANG_WARN_INT_CONVERSION = YES;
				CLANG_WARN_OBJC_ROOT_CLASS = YES_ERROR;
				CLANG_WARN_SUSPICIOUS_MOVE = YES;
				CLANG_WARN_UNREACHABLE_CODE = YES;
				CLANG_WARN__DUPLICATE_METHOD_MATCH = YES;
				"CODE_SIGN_IDENTITY[sdk=iphoneos*]" = "iPhone Developer";
				COPY_PHASE_STRIP = NO;
				DEBUG_INFORMATION_FORMAT = dwarf;
				ENABLE_STRICT_OBJC_MSGSEND = YES;
				ENABLE_TESTABILITY = YES;
				GCC_C_LANGUAGE_STANDARD = gnu99;
				GCC_DYNAMIC_NO_PIC = NO;
				GCC_NO_COMMON_BLOCKS = YES;
				GCC_OPTIMIZATION_LEVEL = 0;
				GCC_PREPROCESSOR_DEFINITIONS = (
					"DEBUG=1",
					"$(inherited)",
				);
				GCC_WARN_64_TO_32_BIT_CONVERSION = YES;
				GCC_WARN_ABOUT_RETURN_TYPE = YES_ERROR;
				GCC_WARN_UNDECLARED_SELECTOR = YES;
				GCC_WARN_UNINITIALIZED_AUTOS = YES_AGGRESSIVE;
				GCC_WARN_UNUSED_FUNCTION = YES;
				GCC_WARN_UNUSED_VARIABLE = YES;
				IPHONEOS_DEPLOYMENT_TARGET = 10.2;
				MTL_ENABLE_DEBUG_INFO = YES;
				ONLY_ACTIVE_ARCH = YES;
				SDKROOT = iphoneos;
				SWIFT_ACTIVE_COMPILATION_CONDITIONS = DEBUG;
				SWIFT_OPTIMIZATION_LEVEL = "-Onone";
			};
			name = Debug;
		};
		DDDCCA4F1E88310800B924B7 /* Release */ = {
			isa = XCBuildConfiguration;
			buildSettings = {
				ALWAYS_SEARCH_USER_PATHS = NO;
				CLANG_ANALYZER_NONNULL = YES;
				CLANG_CXX_LANGUAGE_STANDARD = "gnu++0x";
				CLANG_CXX_LIBRARY = "libc++";
				CLANG_ENABLE_MODULES = YES;
				CLANG_ENABLE_OBJC_ARC = YES;
				CLANG_WARN_BOOL_CONVERSION = YES;
				CLANG_WARN_CONSTANT_CONVERSION = YES;
				CLANG_WARN_DIRECT_OBJC_ISA_USAGE = YES_ERROR;
				CLANG_WARN_DOCUMENTATION_COMMENTS = YES;
				CLANG_WARN_EMPTY_BODY = YES;
				CLANG_WARN_ENUM_CONVERSION = YES;
				CLANG_WARN_INFINITE_RECURSION = YES;
				CLANG_WARN_INT_CONVERSION = YES;
				CLANG_WARN_OBJC_ROOT_CLASS = YES_ERROR;
				CLANG_WARN_SUSPICIOUS_MOVE = YES;
				CLANG_WARN_UNREACHABLE_CODE = YES;
				CLANG_WARN__DUPLICATE_METHOD_MATCH = YES;
				"CODE_SIGN_IDENTITY[sdk=iphoneos*]" = "iPhone Developer";
				COPY_PHASE_STRIP = NO;
				DEBUG_INFORMATION_FORMAT = "dwarf-with-dsym";
				ENABLE_NS_ASSERTIONS = NO;
				ENABLE_STRICT_OBJC_MSGSEND = YES;
				GCC_C_LANGUAGE_STANDARD = gnu99;
				GCC_NO_COMMON_BLOCKS = YES;
				GCC_WARN_64_TO_32_BIT_CONVERSION = YES;
				GCC_WARN_ABOUT_RETURN_TYPE = YES_ERROR;
				GCC_WARN_UNDECLARED_SELECTOR = YES;
				GCC_WARN_UNINITIALIZED_AUTOS = YES_AGGRESSIVE;
				GCC_WARN_UNUSED_FUNCTION = YES;
				GCC_WARN_UNUSED_VARIABLE = YES;
				IPHONEOS_DEPLOYMENT_TARGET = 10.2;
				MTL_ENABLE_DEBUG_INFO = NO;
				SDKROOT = iphoneos;
				SWIFT_OPTIMIZATION_LEVEL = "-Owholemodule";
				VALIDATE_PRODUCT = YES;
			};
			name = Release;
		};
		DDDCCA511E88310800B924B7 /* Debug */ = {
			isa = XCBuildConfiguration;
			baseConfigurationReference = A75C155BF51DC8906C65C5F7 /* Pods-MomentoLove.debug.xcconfig */;
			buildSettings = {
				ASSETCATALOG_COMPILER_APPICON_NAME = AppIcon;
				DEVELOPMENT_TEAM = CF746N9DZV;
				INFOPLIST_FILE = MomentoLove/Info.plist;
				LD_RUNPATH_SEARCH_PATHS = "$(inherited) @executable_path/Frameworks";
				PRODUCT_BUNDLE_IDENTIFIER = love.momento.MomentoLove;
				PRODUCT_NAME = "$(TARGET_NAME)";
				SWIFT_VERSION = 3.0;
			};
			name = Debug;
		};
		DDDCCA521E88310800B924B7 /* Release */ = {
			isa = XCBuildConfiguration;
			baseConfigurationReference = B05224A71F0B1088D917DFD0 /* Pods-MomentoLove.release.xcconfig */;
			buildSettings = {
				ASSETCATALOG_COMPILER_APPICON_NAME = AppIcon;
				DEVELOPMENT_TEAM = CF746N9DZV;
				INFOPLIST_FILE = MomentoLove/Info.plist;
				LD_RUNPATH_SEARCH_PATHS = "$(inherited) @executable_path/Frameworks";
				PRODUCT_BUNDLE_IDENTIFIER = love.momento.MomentoLove;
				PRODUCT_NAME = "$(TARGET_NAME)";
				SWIFT_VERSION = 3.0;
			};
			name = Release;
		};
/* End XCBuildConfiguration section */

/* Begin XCConfigurationList section */
		DDDCCA391E88310800B924B7 /* Build configuration list for PBXProject "MomentoLove" */ = {
			isa = XCConfigurationList;
			buildConfigurations = (
				DDDCCA4E1E88310800B924B7 /* Debug */,
				DDDCCA4F1E88310800B924B7 /* Release */,
			);
			defaultConfigurationIsVisible = 0;
			defaultConfigurationName = Release;
		};
		DDDCCA501E88310800B924B7 /* Build configuration list for PBXNativeTarget "MomentoLove" */ = {
			isa = XCConfigurationList;
			buildConfigurations = (
				DDDCCA511E88310800B924B7 /* Debug */,
				DDDCCA521E88310800B924B7 /* Release */,
			);
			defaultConfigurationIsVisible = 0;
			defaultConfigurationName = Release;
		};
/* End XCConfigurationList section */
	};
	rootObject = DDDCCA361E88310800B924B7 /* Project object */;
}
